// !$*UTF8*$!
{
	archiveVersion = 1;
	classes = {
	};
	objectVersion = 46;
	objects = {

/* Begin PBXBuildFile section */
		85B8F8BC1AA9858900C90BAB /* Foundation.framework in Frameworks */ = {isa = PBXBuildFile; fileRef = 85B8F8BB1AA9858900C90BAB /* Foundation.framework */; };
		85B8F8BE1AA9858900C90BAB /* CoreGraphics.framework in Frameworks */ = {isa = PBXBuildFile; fileRef = 85B8F8BD1AA9858900C90BAB /* CoreGraphics.framework */; };
		85B8F8C01AA9858900C90BAB /* UIKit.framework in Frameworks */ = {isa = PBXBuildFile; fileRef = 85B8F8BF1AA9858900C90BAB /* UIKit.framework */; };
		85B8F8C61AA9858900C90BAB /* InfoPlist.strings in Resources */ = {isa = PBXBuildFile; fileRef = 85B8F8C41AA9858900C90BAB /* InfoPlist.strings */; };
		85B8F8C81AA9858900C90BAB /* main.m in Sources */ = {isa = PBXBuildFile; fileRef = 85B8F8C71AA9858900C90BAB /* main.m */; };
		85B8F8CC1AA9858900C90BAB /* AppDelegate.m in Sources */ = {isa = PBXBuildFile; fileRef = 85B8F8CB1AA9858900C90BAB /* AppDelegate.m */; };
		85B8F8CF1AA9858900C90BAB /* Main.storyboard in Resources */ = {isa = PBXBuildFile; fileRef = 85B8F8CD1AA9858900C90BAB /* Main.storyboard */; };
		85B8F8D21AA9858900C90BAB /* ViewController.m in Sources */ = {isa = PBXBuildFile; fileRef = 85B8F8D11AA9858900C90BAB /* ViewController.m */; };
		85B8F8D41AA9858900C90BAB /* Images.xcassets in Resources */ = {isa = PBXBuildFile; fileRef = 85B8F8D31AA9858900C90BAB /* Images.xcassets */; };
		85B8F8DB1AA9858900C90BAB /* XCTest.framework in Frameworks */ = {isa = PBXBuildFile; fileRef = 85B8F8DA1AA9858900C90BAB /* XCTest.framework */; };
		85B8F8DC1AA9858900C90BAB /* Foundation.framework in Frameworks */ = {isa = PBXBuildFile; fileRef = 85B8F8BB1AA9858900C90BAB /* Foundation.framework */; };
		85B8F8DD1AA9858900C90BAB /* UIKit.framework in Frameworks */ = {isa = PBXBuildFile; fileRef = 85B8F8BF1AA9858900C90BAB /* UIKit.framework */; };
		85B8F8E51AA9858900C90BAB /* InfoPlist.strings in Resources */ = {isa = PBXBuildFile; fileRef = 85B8F8E31AA9858900C90BAB /* InfoPlist.strings */; };
		85B8F8E71AA9858900C90BAB /* Demo5_NSTimer_AlphaTests.m in Sources */ = {isa = PBXBuildFile; fileRef = 85B8F8E61AA9858900C90BAB /* Demo5_NSTimer_AlphaTests.m */; };
/* End PBXBuildFile section */

/* Begin PBXContainerItemProxy section */
		85B8F8DE1AA9858900C90BAB /* PBXContainerItemProxy */ = {
			isa = PBXContainerItemProxy;
			containerPortal = 85B8F8B01AA9858900C90BAB /* Project object */;
			proxyType = 1;
			remoteGlobalIDString = 85B8F8B71AA9858900C90BAB;
			remoteInfo = Demo5_NSTimer_Alpha;
		};
/* End PBXContainerItemProxy section */

/* Begin PBXFileReference section */
		85B8F8B81AA9858900C90BAB /* Demo5_NSTimer_Alpha.app */ = {isa = PBXFileReference; explicitFileType = wrapper.application; includeInIndex = 0; path = Demo5_NSTimer_Alpha.app; sourceTree = BUILT_PRODUCTS_DIR; };
		85B8F8BB1AA9858900C90BAB /* Foundation.framework */ = {isa = PBXFileReference; lastKnownFileType = wrapper.framework; name = Foundation.framework; path = System/Library/Frameworks/Foundation.framework; sourceTree = SDKROOT; };
		85B8F8BD1AA9858900C90BAB /* CoreGraphics.framework */ = {isa = PBXFileReference; lastKnownFileType = wrapper.framework; name = CoreGraphics.framework; path = System/Library/Frameworks/CoreGraphics.framework; sourceTree = SDKROOT; };
		85B8F8BF1AA9858900C90BAB /* UIKit.framework */ = {isa = PBXFileReference; lastKnownFileType = wrapper.framework; name = UIKit.framework; path = System/Library/Frameworks/UIKit.framework; sourceTree = SDKROOT; };
		85B8F8C31AA9858900C90BAB /* Demo5_NSTimer_Alpha-Info.plist */ = {isa = PBXFileReference; lastKnownFileType = text.plist.xml; path = "Demo5_NSTimer_Alpha-Info.plist"; sourceTree = "<group>"; };
		85B8F8C51AA9858900C90BAB /* en */ = {isa = PBXFileReference; lastKnownFileType = text.plist.strings; name = en; path = en.lproj/InfoPlist.strings; sourceTree = "<group>"; };
		85B8F8C71AA9858900C90BAB /* main.m */ = {isa = PBXFileReference; lastKnownFileType = sourcecode.c.objc; path = main.m; sourceTree = "<group>"; };
		85B8F8C91AA9858900C90BAB /* Demo5_NSTimer_Alpha-Prefix.pch */ = {isa = PBXFileReference; lastKnownFileType = sourcecode.c.h; path = "Demo5_NSTimer_Alpha-Prefix.pch"; sourceTree = "<group>"; };
		85B8F8CA1AA9858900C90BAB /* AppDelegate.h */ = {isa = PBXFileReference; lastKnownFileType = sourcecode.c.h; path = AppDelegate.h; sourceTree = "<group>"; };
		85B8F8CB1AA9858900C90BAB /* AppDelegate.m */ = {isa = PBXFileReference; lastKnownFileType = sourcecode.c.objc; path = AppDelegate.m; sourceTree = "<group>"; };
		85B8F8CE1AA9858900C90BAB /* Base */ = {isa = PBXFileReference; lastKnownFileType = file.storyboard; name = Base; path = Base.lproj/Main.storyboard; sourceTree = "<group>"; };
		85B8F8D01AA9858900C90BAB /* ViewController.h */ = {isa = PBXFileReference; lastKnownFileType = sourcecode.c.h; path = ViewController.h; sourceTree = "<group>"; };
		85B8F8D11AA9858900C90BAB /* ViewController.m */ = {isa = PBXFileReference; lastKnownFileType = sourcecode.c.objc; path = ViewController.m; sourceTree = "<group>"; };
		85B8F8D31AA9858900C90BAB /* Images.xcassets */ = {isa = PBXFileReference; lastKnownFileType = folder.assetcatalog; path = Images.xcassets; sourceTree = "<group>"; };
		85B8F8D91AA9858900C90BAB /* Demo5_NSTimer_AlphaTests.xctest */ = {isa = PBXFileReference; explicitFileType = wrapper.cfbundle; includeInIndex = 0; path = Demo5_NSTimer_AlphaTests.xctest; sourceTree = BUILT_PRODUCTS_DIR; };
		85B8F8DA1AA9858900C90BAB /* XCTest.framework */ = {isa = PBXFileReference; lastKnownFileType = wrapper.framework; name = XCTest.framework; path = Library/Frameworks/XCTest.framework; sourceTree = DEVELOPER_DIR; };
		85B8F8E21AA9858900C90BAB /* Demo5_NSTimer_AlphaTests-Info.plist */ = {isa = PBXFileReference; lastKnownFileType = text.plist.xml; path = "Demo5_NSTimer_AlphaTests-Info.plist"; sourceTree = "<group>"; };
		85B8F8E41AA9858900C90BAB /* en */ = {isa = PBXFileReference; lastKnownFileType = text.plist.strings; name = en; path = en.lproj/InfoPlist.strings; sourceTree = "<group>"; };
		85B8F8E61AA9858900C90BAB /* Demo5_NSTimer_AlphaTests.m */ = {isa = PBXFileReference; lastKnownFileType = sourcecode.c.objc; path = Demo5_NSTimer_AlphaTests.m; sourceTree = "<group>"; };
/* End PBXFileReference section */

/* Begin PBXFrameworksBuildPhase section */
		85B8F8B51AA9858900C90BAB /* Frameworks */ = {
			isa = PBXFrameworksBuildPhase;
			buildActionMask = 2147483647;
			files = (
				85B8F8BE1AA9858900C90BAB /* CoreGraphics.framework in Frameworks */,
				85B8F8C01AA9858900C90BAB /* UIKit.framework in Frameworks */,
				85B8F8BC1AA9858900C90BAB /* Foundation.framework in Frameworks */,
			);
			runOnlyForDeploymentPostprocessing = 0;
		};
		85B8F8D61AA9858900C90BAB /* Frameworks */ = {
			isa = PBXFrameworksBuildPhase;
			buildActionMask = 2147483647;
			files = (
				85B8F8DB1AA9858900C90BAB /* XCTest.framework in Frameworks */,
				85B8F8DD1AA9858900C90BAB /* UIKit.framework in Frameworks */,
				85B8F8DC1AA9858900C90BAB /* Foundation.framework in Frameworks */,
			);
			runOnlyForDeploymentPostprocessing = 0;
		};
/* End PBXFrameworksBuildPhase section */

/* Begin PBXGroup section */
		85B8F8AF1AA9858900C90BAB = {
			isa = PBXGroup;
			children = (
				85B8F8C11AA9858900C90BAB /* Demo5_NSTimer_Alpha */,
				85B8F8E01AA9858900C90BAB /* Demo5_NSTimer_AlphaTests */,
				85B8F8BA1AA9858900C90BAB /* Frameworks */,
				85B8F8B91AA9858900C90BAB /* Products */,
			);
			sourceTree = "<group>";
		};
		85B8F8B91AA9858900C90BAB /* Products */ = {
			isa = PBXGroup;
			children = (
				85B8F8B81AA9858900C90BAB /* Demo5_NSTimer_Alpha.app */,
				85B8F8D91AA9858900C90BAB /* Demo5_NSTimer_AlphaTests.xctest */,
			);
			name = Products;
			sourceTree = "<group>";
		};
		85B8F8BA1AA9858900C90BAB /* Frameworks */ = {
			isa = PBXGroup;
			children = (
				85B8F8BB1AA9858900C90BAB /* Foundation.framework */,
				85B8F8BD1AA9858900C90BAB /* CoreGraphics.framework */,
				85B8F8BF1AA9858900C90BAB /* UIKit.framework */,
				85B8F8DA1AA9858900C90BAB /* XCTest.framework */,
			);
			name = Frameworks;
			sourceTree = "<group>";
		};
		85B8F8C11AA9858900C90BAB /* Demo5_NSTimer_Alpha */ = {
			isa = PBXGroup;
			children = (
				85B8F8CA1AA9858900C90BAB /* AppDelegate.h */,
				85B8F8CB1AA9858900C90BAB /* AppDelegate.m */,
				85B8F8CD1AA9858900C90BAB /* Main.storyboard */,
				85B8F8D01AA9858900C90BAB /* ViewController.h */,
				85B8F8D11AA9858900C90BAB /* ViewController.m */,
				85B8F8D31AA9858900C90BAB /* Images.xcassets */,
				85B8F8C21AA9858900C90BAB /* Supporting Files */,
			);
			path = Demo5_NSTimer_Alpha;
			sourceTree = "<group>";
		};
		85B8F8C21AA9858900C90BAB /* Supporting Files */ = {
			isa = PBXGroup;
			children = (
				85B8F8C31AA9858900C90BAB /* Demo5_NSTimer_Alpha-Info.plist */,
				85B8F8C41AA9858900C90BAB /* InfoPlist.strings */,
				85B8F8C71AA9858900C90BAB /* main.m */,
				85B8F8C91AA9858900C90BAB /* Demo5_NSTimer_Alpha-Prefix.pch */,
			);
			name = "Supporting Files";
			sourceTree = "<group>";
		};
		85B8F8E01AA9858900C90BAB /* Demo5_NSTimer_AlphaTests */ = {
			isa = PBXGroup;
			children = (
				85B8F8E61AA9858900C90BAB /* Demo5_NSTimer_AlphaTests.m */,
				85B8F8E11AA9858900C90BAB /* Supporting Files */,
			);
			path = Demo5_NSTimer_AlphaTests;
			sourceTree = "<group>";
		};
		85B8F8E11AA9858900C90BAB /* Supporting Files */ = {
			isa = PBXGroup;
			children = (
				85B8F8E21AA9858900C90BAB /* Demo5_NSTimer_AlphaTests-Info.plist */,
				85B8F8E31AA9858900C90BAB /* InfoPlist.strings */,
			);
			name = "Supporting Files";
			sourceTree = "<group>";
		};
/* End PBXGroup section */

/* Begin PBXNativeTarget section */
		85B8F8B71AA9858900C90BAB /* Demo5_NSTimer_Alpha */ = {
			isa = PBXNativeTarget;
			buildConfigurationList = 85B8F8EA1AA9858900C90BAB /* Build configuration list for PBXNativeTarget "Demo5_NSTimer_Alpha" */;
			buildPhases = (
				85B8F8B41AA9858900C90BAB /* Sources */,
				85B8F8B51AA9858900C90BAB /* Frameworks */,
				85B8F8B61AA9858900C90BAB /* Resources */,
			);
			buildRules = (
			);
			dependencies = (
			);
			name = Demo5_NSTimer_Alpha;
			productName = Demo5_NSTimer_Alpha;
			productReference = 85B8F8B81AA9858900C90BAB /* Demo5_NSTimer_Alpha.app */;
			productType = "com.apple.product-type.application";
		};
		85B8F8D81AA9858900C90BAB /* Demo5_NSTimer_AlphaTests */ = {
			isa = PBXNativeTarget;
			buildConfigurationList = 85B8F8ED1AA9858900C90BAB /* Build configuration list for PBXNativeTarget "Demo5_NSTimer_AlphaTests" */;
			buildPhases = (
				85B8F8D51AA9858900C90BAB /* Sources */,
				85B8F8D61AA9858900C90BAB /* Frameworks */,
				85B8F8D71AA9858900C90BAB /* Resources */,
			);
			buildRules = (
			);
			dependencies = (
				85B8F8DF1AA9858900C90BAB /* PBXTargetDependency */,
			);
			name = Demo5_NSTimer_AlphaTests;
			productName = Demo5_NSTimer_AlphaTests;
			productReference = 85B8F8D91AA9858900C90BAB /* Demo5_NSTimer_AlphaTests.xctest */;
			productType = "com.apple.product-type.bundle.unit-test";
		};
/* End PBXNativeTarget section */

/* Begin PBXProject section */
		85B8F8B01AA9858900C90BAB /* Project object */ = {
			isa = PBXProject;
			attributes = {
				LastUpgradeCheck = 0510;
				ORGANIZATIONNAME = tarena;
				TargetAttributes = {
					85B8F8D81AA9858900C90BAB = {
						TestTargetID = 85B8F8B71AA9858900C90BAB;
					};
				};
			};
			buildConfigurationList = 85B8F8B31AA9858900C90BAB /* Build configuration list for PBXProject "Demo5_NSTimer_Alpha" */;
			compatibilityVersion = "Xcode 3.2";
			developmentRegion = English;
			hasScannedForEncodings = 0;
			knownRegions = (
				en,
				Base,
			);
			mainGroup = 85B8F8AF1AA9858900C90BAB;
			productRefGroup = 85B8F8B91AA9858900C90BAB /* Products */;
			projectDirPath = "";
			projectRoot = "";
			targets = (
				85B8F8B71AA9858900C90BAB /* Demo5_NSTimer_Alpha */,
				85B8F8D81AA9858900C90BAB /* Demo5_NSTimer_AlphaTests */,
			);
		};
/* End PBXProject section */

/* Begin PBXResourcesBuildPhase section */
		85B8F8B61AA9858900C90BAB /* Resources */ = {
			isa = PBXResourcesBuildPhase;
			buildActionMask = 2147483647;
			files = (
				85B8F8D41AA9858900C90BAB /* Images.xcassets in Resources */,
				85B8F8C61AA9858900C90BAB /* InfoPlist.strings in Resources */,
				85B8F8CF1AA9858900C90BAB /* Main.storyboard in Resources */,
			);
			runOnlyForDeploymentPostprocessing = 0;
		};
		85B8F8D71AA9858900C90BAB /* Resources */ = {
			isa = PBXResourcesBuildPhase;
			buildActionMask = 2147483647;
			files = (
				85B8F8E51AA9858900C90BAB /* InfoPlist.strings in Resources */,
			);
			runOnlyForDeploymentPostprocessing = 0;
		};
/* End PBXResourcesBuildPhase section */

/* Begin PBXSourcesBuildPhase section */
		85B8F8B41AA9858900C90BAB /* Sources */ = {
			isa = PBXSourcesBuildPhase;
			buildActionMask = 2147483647;
			files = (
				85B8F8D21AA9858900C90BAB /* ViewController.m in Sources */,
				85B8F8CC1AA9858900C90BAB /* AppDelegate.m in Sources */,
				85B8F8C81AA9858900C90BAB /* main.m in Sources */,
			);
			runOnlyForDeploymentPostprocessing = 0;
		};
		85B8F8D51AA9858900C90BAB /* Sources */ = {
			isa = PBXSourcesBuildPhase;
			buildActionMask = 2147483647;
			files = (
				85B8F8E71AA9858900C90BAB /* Demo5_NSTimer_AlphaTests.m in Sources */,
			);
			runOnlyForDeploymentPostprocessing = 0;
		};
/* End PBXSourcesBuildPhase section */

/* Begin PBXTargetDependency section */
		85B8F8DF1AA9858900C90BAB /* PBXTargetDependency */ = {
			isa = PBXTargetDependency;
			target = 85B8F8B71AA9858900C90BAB /* Demo5_NSTimer_Alpha */;
			targetProxy = 85B8F8DE1AA9858900C90BAB /* PBXContainerItemProxy */;
		};
/* End PBXTargetDependency section */

/* Begin PBXVariantGroup section */
		85B8F8C41AA9858900C90BAB /* InfoPlist.strings */ = {
			isa = PBXVariantGroup;
			children = (
				85B8F8C51AA9858900C90BAB /* en */,
			);
			name = InfoPlist.strings;
			sourceTree = "<group>";
		};
		85B8F8CD1AA9858900C90BAB /* Main.storyboard */ = {
			isa = PBXVariantGroup;
			children = (
				85B8F8CE1AA9858900C90BAB /* Base */,
			);
			name = Main.storyboard;
			sourceTree = "<group>";
		};
		85B8F8E31AA9858900C90BAB /* InfoPlist.strings */ = {
			isa = PBXVariantGroup;
			children = (
				85B8F8E41AA9858900C90BAB /* en */,
			);
			name = InfoPlist.strings;
			sourceTree = "<group>";
		};
/* End PBXVariantGroup section */

/* Begin XCBuildConfiguration section */
		85B8F8E81AA9858900C90BAB /* Debug */ = {
			isa = XCBuildConfiguration;
			buildSettings = {
				ALWAYS_SEARCH_USER_PATHS = NO;
				CLANG_CXX_LANGUAGE_STANDARD = "gnu++0x";
				CLANG_CXX_LIBRARY = "libc++";
				CLANG_ENABLE_MODULES = YES;
				CLANG_ENABLE_OBJC_ARC = YES;
				CLANG_WARN_BOOL_CONVERSION = YES;
				CLANG_WARN_CONSTANT_CONVERSION = YES;
				CLANG_WARN_DIRECT_OBJC_ISA_USAGE = YES_ERROR;
				CLANG_WARN_EMPTY_BODY = YES;
				CLANG_WARN_ENUM_CONVERSION = YES;
				CLANG_WARN_INT_CONVERSION = YES;
				CLANG_WARN_OBJC_ROOT_CLASS = YES_ERROR;
				CLANG_WARN__DUPLICATE_METHOD_MATCH = YES;
				"CODE_SIGN_IDENTITY[sdk=iphoneos*]" = "iPhone Developer";
				COPY_PHASE_STRIP = NO;
				GCC_C_LANGUAGE_STANDARD = gnu99;
				GCC_DYNAMIC_NO_PIC = NO;
				GCC_OPTIMIZATION_LEVEL = 0;
				GCC_PREPROCESSOR_DEFINITIONS = (
					"DEBUG=1",
					"$(inherited)",
				);
				GCC_SYMBOLS_PRIVATE_EXTERN = NO;
				GCC_WARN_64_TO_32_BIT_CONVERSION = YES;
				GCC_WARN_ABOUT_RETURN_TYPE = YES_ERROR;
				GCC_WARN_UNDECLARED_SELECTOR = YES;
				GCC_WARN_UNINITIALIZED_AUTOS = YES_AGGRESSIVE;
				GCC_WARN_UNUSED_FUNCTION = YES;
				GCC_WARN_UNUSED_VARIABLE = YES;
				IPHONEOS_DEPLOYMENT_TARGET = 7.1;
				ONLY_ACTIVE_ARCH = YES;
				SDKROOT = iphoneos;
			};
			name = Debug;
		};
		85B8F8E91AA9858900C90BAB /* Release */ = {
			isa = XCBuildConfiguration;
			buildSettings = {
				ALWAYS_SEARCH_USER_PATHS = NO;
				CLANG_CXX_LANGUAGE_STANDARD = "gnu++0x";
				CLANG_CXX_LIBRARY = "libc++";
				CLANG_ENABLE_MODULES = YES;
				CLANG_ENABLE_OBJC_ARC = YES;
				CLANG_WARN_BOOL_CONVERSION = YES;
				CLANG_WARN_CONSTANT_CONVERSION = YES;
				CLANG_WARN_DIRECT_OBJC_ISA_USAGE = YES_ERROR;
				CLANG_WARN_EMPTY_BODY = YES;
				CLANG_WARN_ENUM_CONVERSION = YES;
				CLANG_WARN_INT_CONVERSION = YES;
				CLANG_WARN_OBJC_ROOT_CLASS = YES_ERROR;
				CLANG_WARN__DUPLICATE_METHOD_MATCH = YES;
				"CODE_SIGN_IDENTITY[sdk=iphoneos*]" = "iPhone Developer";
				COPY_PHASE_STRIP = YES;
				ENABLE_NS_ASSERTIONS = NO;
				GCC_C_LANGUAGE_STANDARD = gnu99;
				GCC_WARN_64_TO_32_BIT_CONVERSION = YES;
				GCC_WARN_ABOUT_RETURN_TYPE = YES_ERROR;
				GCC_WARN_UNDECLARED_SELECTOR = YES;
				GCC_WARN_UNINITIALIZED_AUTOS = YES_AGGRESSIVE;
				GCC_WARN_UNUSED_FUNCTION = YES;
				GCC_WARN_UNUSED_VARIABLE = YES;
				IPHONEOS_DEPLOYMENT_TARGET = 7.1;
				SDKROOT = iphoneos;
				VALIDATE_PRODUCT = YES;
			};
			name = Release;
		};
		85B8F8EB1AA9858900C90BAB /* Debug */ = {
			isa = XCBuildConfiguration;
			buildSettings = {
				ASSETCATALOG_COMPILER_APPICON_NAME = AppIcon;
				ASSETCATALOG_COMPILER_LAUNCHIMAGE_NAME = LaunchImage;
				GCC_PRECOMPILE_PREFIX_HEADER = YES;
				GCC_PREFIX_HEADER = "Demo5_NSTimer_Alpha/Demo5_NSTimer_Alpha-Prefix.pch";
				INFOPLIST_FILE = "Demo5_NSTimer_Alpha/Demo5_NSTimer_Alpha-Info.plist";
				PRODUCT_NAME = "$(TARGET_NAME)";
				WRAPPER_EXTENSION = app;
			};
			name = Debug;
		};
		85B8F8EC1AA9858900C90BAB /* Release */ = {
			isa = XCBuildConfiguration;
			buildSettings = {
				ASSETCATALOG_COMPILER_APPICON_NAME = AppIcon;
				ASSETCATALOG_COMPILER_LAUNCHIMAGE_NAME = LaunchImage;
				GCC_PRECOMPILE_PREFIX_HEADER = YES;
				GCC_PREFIX_HEADER = "Demo5_NSTimer_Alpha/Demo5_NSTimer_Alpha-Prefix.pch";
				INFOPLIST_FILE = "Demo5_NSTimer_Alpha/Demo5_NSTimer_Alpha-Info.plist";
				PRODUCT_NAME = "$(TARGET_NAME)";
				WRAPPER_EXTENSION = app;
			};
			name = Release;
		};
		85B8F8EE1AA9858900C90BAB /* Debug */ = {
			isa = XCBuildConfiguration;
			buildSettings = {
				BUNDLE_LOADER = "$(BUILT_PRODUCTS_DIR)/Demo5_NSTimer_Alpha.app/Demo5_NSTimer_Alpha";
				FRAMEWORK_SEARCH_PATHS = (
					"$(SDKROOT)/Developer/Library/Frameworks",
					"$(inherited)",
					"$(DEVELOPER_FRAMEWORKS_DIR)",
				);
				GCC_PRECOMPILE_PREFIX_HEADER = YES;
				GCC_PREFIX_HEADER = "Demo5_NSTimer_Alpha/Demo5_NSTimer_Alpha-Prefix.pch";
				GCC_PREPROCESSOR_DEFINITIONS = (
					"DEBUG=1",
					"$(inherited)",
				);
				INFOPLIST_FILE = "Demo5_NSTimer_AlphaTests/Demo5_NSTimer_AlphaTests-Info.plist";
				PRODUCT_NAME = "$(TARGET_NAME)";
				TEST_HOST = "$(BUNDLE_LOADER)";
				WRAPPER_EXTENSION = xctest;
			};
			name = Debug;
		};
		85B8F8EF1AA9858900C90BAB /* Release */ = {
			isa = XCBuildConfiguration;
			buildSettings = {
				BUNDLE_LOADER = "$(BUILT_PRODUCTS_DIR)/Demo5_NSTimer_Alpha.app/Demo5_NSTimer_Alpha";
				FRAMEWORK_SEARCH_PATHS = (
					"$(SDKROOT)/Developer/Library/Frameworks",
					"$(inherited)",
					"$(DEVELOPER_FRAMEWORKS_DIR)",
				);
				GCC_PRECOMPILE_PREFIX_HEADER = YES;
				GCC_PREFIX_HEADER = "Demo5_NSTimer_Alpha/Demo5_NSTimer_Alpha-Prefix.pch";
				INFOPLIST_FILE = "Demo5_NSTimer_AlphaTests/Demo5_NSTimer_AlphaTests-Info.plist";
				PRODUCT_NAME = "$(TARGET_NAME)";
				TEST_HOST = "$(BUNDLE_LOADER)";
				WRAPPER_EXTENSION = xctest;
			};
			name = Release;
		};
/* End XCBuildConfiguration section */

/* Begin XCConfigurationList section */
		85B8F8B31AA9858900C90BAB /* Build configuration list for PBXProject "Demo5_NSTimer_Alpha" */ = {
			isa = XCConfigurationList;
			buildConfigurations = (
				85B8F8E81AA9858900C90BAB /* Debug */,
				85B8F8E91AA9858900C90BAB /* Release */,
			);
			defaultConfigurationIsVisible = 0;
			defaultConfigurationName = Release;
		};
		85B8F8EA1AA9858900C90BAB /* Build configuration list for PBXNativeTarget "Demo5_NSTimer_Alpha" */ = {
			isa = XCConfigurationList;
			buildConfigurations = (
				85B8F8EB1AA9858900C90BAB /* Debug */,
				85B8F8EC1AA9858900C90BAB /* Release */,
			);
			defaultConfigurationIsVisible = 0;
		};
		85B8F8ED1AA9858900C90BAB /* Build configuration list for PBXNativeTarget "Demo5_NSTimer_AlphaTests" */ = {
			isa = XCConfigurationList;
			buildConfigurations = (
				85B8F8EE1AA9858900C90BAB /* Debug */,
				85B8F8EF1AA9858900C90BAB /* Release */,
			);
			defaultConfigurationIsVisible = 0;
		};
/* End XCConfigurationList section */
	};
	rootObject = 85B8F8B01AA9858900C90BAB /* Project object */;
}
